Microsoft Visual Studio Solution File, Format Version 12.00
# Visual Studio Version 17
VisualStudioVersion = 17.5.2.0
MinimumVisualStudioVersion = 10.0.40219.1
Project("{FAE04EC0-301F-11D3-BF4B-00C04F79EFBC}") = "Tenebris-06.MathGame", "Tenebris-06.MathGame\Tenebris-06.MathGame.csproj", "{3E3BF72D-9C95-C189-A25A-77F3C1042C60}"
EndProject
Global
	GlobalSection(SolutionConfigurationPlatforms) = preSolution
		Debug|Any CPU = Debug|Any CPU
		Release|Any CPU = Release|Any CPU
	EndGlobalSection
	GlobalSection(ProjectConfigurationPlatforms) = postSolution
		{3E3BF72D-9C95-C189-A25A-77F3C1042C60}.Debug|Any CPU.ActiveCfg = Debug|Any CPU
		{3E3BF72D-9C95-C189-A25A-77F3C1042C60}.Debug|Any CPU.Build.0 = Debug|Any CPU
		{3E3BF72D-9C95-C189-A25A-77F3C1042C60}.Release|Any CPU.ActiveCfg = Release|Any CPU
		{3E3BF72D-9C95-C189-A25A-77F3C1042C60}.Release|Any CPU.Build.0 = Release|Any CPU
	EndGlobalSection
	GlobalSection(SolutionProperties) = preSolution
		HideSolutionNode = FALSE
	EndGlobalSection
	GlobalSection(ExtensibilityGlobals) = postSolution
		SolutionGuid = {1F3971B0-9543-463C-8B64-17441F96B5FB}
	EndGlobalSection
EndGlobal
